github.com/nwaples/rardecode/v2 v2.2.3 h1:qaVuy3ChZDbAQZshPLjHeNJKF3Cru8uo9jmgveKIy2A=
github.com/nwaples/rardecode/v2 v2.2.3/go.mod h1:7uz379lSxPe6j9nvzxUZ+n7mnJNgjsRNb6IbvGVHRmw=
github.com/ulikunitz/xz v0.5.15 h1:9DNdB5s+SgV3bQ2ApL10xRc35ck0DuIX/isZvIk+ubY=
github.com/ulikunitz/xz v0.5.15/go.mod h1:nbz6k7qbPmH4IRqmfOplQw/tblSgqTqBwxkY0oWt/14=
